
Microsoft Visual Studio Solution File, Format Version 12.00
# Visual Studio Version 17
VisualStudioVersion = 17.7.34024.191
MinimumVisualStudioVersion = 10.0.40219.1
Project("{FAE04EC0-301F-11D3-BF4B-00C04F79EFBC}") = "POC_6_crudWithADO.NET_Stored_Procedure", "POC_6_crudWithADO.NET_Stored_Procedure\POC_6_crudWithADO.NET_Stored_Procedure.csproj", "{97A7B45A-D817-450F-B4FE-AAB905669D9E}"
EndProject
Global
	GlobalSection(SolutionConfigurationPlatforms) = preSolution
		Debug|Any CPU = Debug|Any CPU
		Release|Any CPU = Release|Any CPU
	EndGlobalSection
	GlobalSection(ProjectConfigurationPlatforms) = postSolution
		{97A7B45A-D817-450F-B4FE-AAB905669D9E}.Debug|Any CPU.ActiveCfg = Debug|Any CPU
		{97A7B45A-D817-450F-B4FE-AAB905669D9E}.Debug|Any CPU.Build.0 = Debug|Any CPU
		{97A7B45A-D817-450F-B4FE-AAB905669D9E}.Release|Any CPU.ActiveCfg = Release|Any CPU
		{97A7B45A-D817-450F-B4FE-AAB905669D9E}.Release|Any CPU.Build.0 = Release|Any CPU
	EndGlobalSection
	GlobalSection(SolutionProperties) = preSolution
		HideSolutionNode = FALSE
	EndGlobalSection
	GlobalSection(ExtensibilityGlobals) = postSolution
		SolutionGuid = {6B15C7FE-70DB-4551-8E6C-D2CDA97B4A49}
	EndGlobalSection
EndGlobal
